
Microsoft Visual Studio Solution File, Format Version 12.00
# Visual Studio Version 17
VisualStudioVersion = 17.13.36105.23 d17.13
MinimumVisualStudioVersion = 10.0.40219.1
Project("{8BC9CEB8-8B4A-11D0-8D11-00A0C91BC942}") = "P9751", "P9751.vcxproj", "{D34C0250-87B9-4D26-9D5E-63D675C461BB}"
EndProject
Global
	GlobalSection(SolutionConfigurationPlatforms) = preSolution
		Debug|x64 = Debug|x64
		Debug|x86 = Debug|x86
		Release|x64 = Release|x64
		Release|x86 = Release|x86
	EndGlobalSection
	GlobalSection(ProjectConfigurationPlatforms) = postSolution
		{D34C0250-87B9-4D26-9D5E-63D675C461BB}.Debug|x64.ActiveCfg = Debug|x64
		{D34C0250-87B9-4D26-9D5E-63D675C461BB}.Debug|x64.Build.0 = Debug|x64
		{D34C0250-87B9-4D26-9D5E-63D675C461BB}.Debug|x86.ActiveCfg = Debug|Win32
		{D34C0250-87B9-4D26-9D5E-63D675C461BB}.Debug|x86.Build.0 = Debug|Win32
		{D34C0250-87B9-4D26-9D5E-63D675C461BB}.Release|x64.ActiveCfg = Release|x64
		{D34C0250-87B9-4D26-9D5E-63D675C461BB}.Release|x64.Build.0 = Release|x64
		{D34C0250-87B9-4D26-9D5E-63D675C461BB}.Release|x86.ActiveCfg = Release|Win32
		{D34C0250-87B9-4D26-9D5E-63D675C461BB}.Release|x86.Build.0 = Release|Win32
	EndGlobalSection
	GlobalSection(SolutionProperties) = preSolution
		HideSolutionNode = FALSE
	EndGlobalSection
	GlobalSection(ExtensibilityGlobals) = postSolution
		SolutionGuid = {7CEC82D4-AF7A-4332-A508-5EA623F6E5E0}
	EndGlobalSection
EndGlobal
